
Microsoft Visual Studio Solution File, Format Version 11.00
# Visual C++ Express 2010
Project("{8BC9CEB8-8B4A-11D0-8D11-00A0C91BC942}") = "Computer Info C++", "Computer Info C++\Computer Info C++.vcxproj", "{E743EB4B-D55A-423F-B26E-15EA407FB1EA}"
EndProject
Global
	GlobalSection(SolutionConfigurationPlatforms) = preSolution
		Debug|Win32 = Debug|Win32
		Release|Win32 = Release|Win32
	EndGlobalSection
	GlobalSection(ProjectConfigurationPlatforms) = postSolution
		{E743EB4B-D55A-423F-B26E-15EA407FB1EA}.Debug|Win32.ActiveCfg = Debug|Win32
		{E743EB4B-D55A-423F-B26E-15EA407FB1EA}.Debug|Win32.Build.0 = Debug|Win32
		{E743EB4B-D55A-423F-B26E-15EA407FB1EA}.Release|Win32.ActiveCfg = Release|Win32
		{E743EB4B-D55A-423F-B26E-15EA407FB1EA}.Release|Win32.Build.0 = Release|Win32
	EndGlobalSection
	GlobalSection(SolutionProperties) = preSolution
		HideSolutionNode = FALSE
	EndGlobalSection
EndGlobal
